// !$*UTF8*$!
{
	archiveVersion = 1;
	classes = {
	};
	objectVersion = 100;
	objects = {

/* Begin PBXBuildFile section */
		35740DC4950C44A5B1D2D090 /* AppClipApp.swift in Sources */ = {isa = PBXBuildFile; fileRef = 15DB2C3F19EB434E90605663 /* AppClipApp.swift */; };
		6D06675379ED4C65BF3A958B /* Neon Vision Editor/Resources/Assets.xcassets in Resources */ = {isa = PBXBuildFile; fileRef = 7C70FD27D1214B44BF86A1F5 /* Neon Vision Editor/Resources/Assets.xcassets */; };
		9825C2092ED77CF3007D8698 /* SwiftData.framework in Frameworks */ = {isa = PBXBuildFile; fileRef = 9825C2082ED77CF3007D8698 /* SwiftData.framework */; };
		9F1705BB206C43C1ADCE1966 /* Neon Vision Editor App Clip.app in Embed App Clips */ = {isa = PBXBuildFile; fileRef = E196E7CAA131439C8281ADCC /* Neon Vision Editor App Clip.app */; platformFilter = ios; settings = {ATTRIBUTES = (RemoveHeadersOnCopy, ); }; };
		A10000000000000000000001 /* ShareViewController.swift in Sources */ = {isa = PBXBuildFile; fileRef = A10000000000000000000005 /* ShareViewController.swift */; };
		A10000000000000000000002 /* Neon Vision Editor Share Extension.appex in Embed Foundation Extensions */ = {isa = PBXBuildFile; fileRef = A10000000000000000000008 /* Neon Vision Editor Share Extension.appex */; platformFilters = (ios, macos, ); settings = {ATTRIBUTES = (RemoveHeadersOnCopy, ); }; };
/* End PBXBuildFile section */

/* Begin PBXContainerItemProxy section */
		6D4AB3FDD24C4FA9A3AE2DB5 /* PBXContainerItemProxy */ = {
			isa = PBXContainerItemProxy;
			containerPortal = 98EAE62B2E5F15E80050E579 /* Project object */;
			proxyType = 1;
			remoteGlobalIDString = 61F0E4E95A9E435E9BA83FC8;
			remoteInfo = "Neon Vision Editor App Clip";
		};
		98D001C62F3A432F00AA505C /* PBXContainerItemProxy */ = {
			isa = PBXContainerItemProxy;
			containerPortal = 98EAE62B2E5F15E80050E579 /* Project object */;
			proxyType = 1;
			remoteGlobalIDString = 98EAE6322E5F15E80050E579;
			remoteInfo = "Neon Vision Editor";
		};
		A10000000000000000000003 /* PBXContainerItemProxy */ = {
			isa = PBXContainerItemProxy;
			containerPortal = 98EAE62B2E5F15E80050E579 /* Project object */;
			proxyType = 1;
			remoteGlobalIDString = A1000000000000000000000B;
			remoteInfo = "Neon Vision Editor Share Extension";
		};
/* End PBXContainerItemProxy section */

/* Begin PBXCopyFilesBuildPhase section */
		501502363A7C4A34A23DF158 /* Embed App Clips */ = {
			isa = PBXCopyFilesBuildPhase;
			dstPath = "$(CONTENTS_FOLDER_PATH)/AppClips";
			dstSubfolder = Product;
			files = (
				9F1705BB206C43C1ADCE1966 /* Neon Vision Editor App Clip.app in Embed App Clips */,
			);
			name = "Embed App Clips";
		};
		A10000000000000000000004 /* Embed Foundation Extensions */ = {
			isa = PBXCopyFilesBuildPhase;
			dstPath = "";
			dstSubfolder = PlugIns;
			files = (
				A10000000000000000000002 /* Neon Vision Editor Share Extension.appex in Embed Foundation Extensions */,
			);
			name = "Embed Foundation Extensions";
		};
/* End PBXCopyFilesBuildPhase section */

/* Begin PBXFileReference section */
		15DB2C3F19EB434E90605663 /* AppClipApp.swift */ = {isa = PBXFileReference; lastKnownFileType = sourcecode.swift; path = AppClipApp.swift; sourceTree = "<group>"; };
		7BED8C80E7234BC98B621ADA /* Neon Vision EditorTests.xctest */ = {isa = PBXFileReference; explicitFileType = wrapper.cfbundle; includeInIndex = 0; path = "Neon Vision EditorTests.xctest"; sourceTree = BUILT_PRODUCTS_DIR; };
		7C70FD27D1214B44BF86A1F5 /* Neon Vision Editor/Resources/Assets.xcassets */ = {isa = PBXFileReference; lastKnownFileType = folder.assetcatalog; path = "Neon Vision Editor/Resources/Assets.xcassets"; sourceTree = SOURCE_ROOT; };
		9341E5E582F1456FAFAC3725 /* Neon Vision Editor App Clip.entitlements */ = {isa = PBXFileReference; lastKnownFileType = text.plist.entitlements; path = "Neon Vision Editor App Clip.entitlements"; sourceTree = "<group>"; };
		9825C2082ED77CF3007D8698 /* SwiftData.framework */ = {isa = PBXFileReference; lastKnownFileType = wrapper.framework; name = SwiftData.framework; path = Platforms/iPhoneOS.platform/Developer/SDKs/iPhoneOS26.1.sdk/System/Library/Frameworks/SwiftData.framework; sourceTree = DEVELOPER_DIR; };
		98EAE6332E5F15E80050E579 /* Neon Vision Editor.app */ = {isa = PBXFileReference; explicitFileType = wrapper.application; includeInIndex = 0; path = "Neon Vision Editor.app"; sourceTree = BUILT_PRODUCTS_DIR; };
		A10000000000000000000005 /* ShareViewController.swift */ = {isa = PBXFileReference; lastKnownFileType = sourcecode.swift; path = ShareViewController.swift; sourceTree = "<group>"; };
		A10000000000000000000006 /* Info.plist */ = {isa = PBXFileReference; lastKnownFileType = text.plist.xml; path = Info.plist; sourceTree = "<group>"; };
		A10000000000000000000007 /* Neon Vision Editor Share Extension.entitlements */ = {isa = PBXFileReference; lastKnownFileType = text.plist.entitlements; path = "Neon Vision Editor Share Extension.entitlements"; sourceTree = "<group>"; };
		A10000000000000000000008 /* Neon Vision Editor Share Extension.appex */ = {isa = PBXFileReference; explicitFileType = "wrapper.app-extension"; includeInIndex = 0; path = "Neon Vision Editor Share Extension.appex"; sourceTree = BUILT_PRODUCTS_DIR; };
		B1335E8482E74A43AB1206A1 /* Info.plist */ = {isa = PBXFileReference; lastKnownFileType = text.plist.xml; path = Info.plist; sourceTree = "<group>"; };
		E196E7CAA131439C8281ADCC /* Neon Vision Editor App Clip.app */ = {isa = PBXFileReference; explicitFileType = wrapper.application; includeInIndex = 0; path = "Neon Vision Editor App Clip.app"; sourceTree = BUILT_PRODUCTS_DIR; };
/* End PBXFileReference section */

/* Begin PBXFileSystemSynchronizedRootGroup section */
		98EAE6352E5F15E80050E579 /* Neon Vision Editor */ = {
			isa = PBXFileSystemSynchronizedRootGroup;
			path = "Neon Vision Editor";
			sourceTree = "<group>";
		};
		FCA13954DC9E4188A1DC88BE /* Neon Vision EditorTests */ = {
			isa = PBXFileSystemSynchronizedRootGroup;
			path = "Neon Vision EditorTests";
			sourceTree = "<group>";
		};
/* End PBXFileSystemSynchronizedRootGroup section */

/* Begin PBXFrameworksBuildPhase section */
		35F5487E854C4D7B83AE05FE /* Frameworks */ = {
			isa = PBXFrameworksBuildPhase;
			files = (
			);
		};
		9687D7B1B2784C6084B7C1A7 /* Frameworks */ = {
			isa = PBXFrameworksBuildPhase;
			files = (
			);
		};
		98EAE6302E5F15E80050E579 /* Frameworks */ = {
			isa = PBXFrameworksBuildPhase;
			files = (
				9825C2092ED77CF3007D8698 /* SwiftData.framework in Frameworks */,
			);
		};
		A10000000000000000000009 /* Frameworks */ = {
			isa = PBXFrameworksBuildPhase;
			files = (
			);
		};
/* End PBXFrameworksBuildPhase section */

/* Begin PBXGroup section */
		98EAE62A2E5F15E80050E579 = {
			isa = PBXGroup;
			children = (
				98EAE6352E5F15E80050E579 /* Neon Vision Editor */,
				C4DB32978E63402B963CF1EF /* Neon Vision Editor App Clip */,
				A1000000000000000000000A /* Neon Vision Editor Share Extension */,
				FCA13954DC9E4188A1DC88BE /* Neon Vision EditorTests */,
				98EAE6532E5F175B0050E579 /* Frameworks */,
				98EAE6342E5F15E80050E579 /* Products */,
			);
			sourceTree = "<group>";
		};
		98EAE6342E5F15E80050E579 /* Products */ = {
			isa = PBXGroup;
			children = (
				98EAE6332E5F15E80050E579 /* Neon Vision Editor.app */,
				E196E7CAA131439C8281ADCC /* Neon Vision Editor App Clip.app */,
				A10000000000000000000008 /* Neon Vision Editor Share Extension.appex */,
				7BED8C80E7234BC98B621ADA /* Neon Vision EditorTests.xctest */,
			);
			name = Products;
			sourceTree = "<group>";
		};
		98EAE6532E5F175B0050E579 /* Frameworks */ = {
			isa = PBXGroup;
			children = (
				9825C2082ED77CF3007D8698 /* SwiftData.framework */,
			);
			name = Frameworks;
			sourceTree = "<group>";
		};
		A1000000000000000000000A /* Neon Vision Editor Share Extension */ = {
			isa = PBXGroup;
			children = (
				A10000000000000000000005 /* ShareViewController.swift */,
				A10000000000000000000006 /* Info.plist */,
				A10000000000000000000007 /* Neon Vision Editor Share Extension.entitlements */,
			);
			path = "Neon Vision Editor Share Extension";
			sourceTree = "<group>";
		};
		C4DB32978E63402B963CF1EF /* Neon Vision Editor App Clip */ = {
			isa = PBXGroup;
			children = (
				15DB2C3F19EB434E90605663 /* AppClipApp.swift */,
				B1335E8482E74A43AB1206A1 /* Info.plist */,
				9341E5E582F1456FAFAC3725 /* Neon Vision Editor App Clip.entitlements */,
				7C70FD27D1214B44BF86A1F5 /* Neon Vision Editor/Resources/Assets.xcassets */,
			);
			path = "Neon Vision Editor App Clip";
			sourceTree = "<group>";
		};
/* End PBXGroup section */

/* Begin PBXNativeTarget section */
		50864E55167D4016920786DF /* Neon Vision EditorTests */ = {
			isa = PBXNativeTarget;
			buildConfigurationList = 8B33E9CCE8A34F9BBAE4AEDB /* Build configuration list for PBXNativeTarget "Neon Vision EditorTests" */;
			buildPhases = (
				3765EE075FE746DB8B99C89B /* Sources */,
				9687D7B1B2784C6084B7C1A7 /* Frameworks */,
				4699081BD5B546B78CCFFADD /* Resources */,
			);
			buildRules = (
			);
			dependencies = (
				98D001C72F3A432F00AA505C /* PBXTargetDependency */,
			);
			fileSystemSynchronizedGroups = (
				FCA13954DC9E4188A1DC88BE /* Neon Vision EditorTests */,
			);
			name = "Neon Vision EditorTests";
			productName = "Neon Vision EditorTests";
			productReference = 7BED8C80E7234BC98B621ADA /* Neon Vision EditorTests.xctest */;
			productType = "com.apple.product-type.bundle.unit-test";
		};
		61F0E4E95A9E435E9BA83FC8 /* Neon Vision Editor App Clip */ = {
			isa = PBXNativeTarget;
			buildConfigurationList = B4607BA2F53A4E0C80F328E1 /* Build configuration list for PBXNativeTarget "Neon Vision Editor App Clip" */;
			buildPhases = (
				E42EA16BFFED441BAB19310E /* Sources */,
				35F5487E854C4D7B83AE05FE /* Frameworks */,
				26A5163C8EC64A83BE577872 /* Resources */,
			);
			buildRules = (
			);
			name = "Neon Vision Editor App Clip";
			productName = "Neon Vision Editor App Clip";
			productReference = E196E7CAA131439C8281ADCC /* Neon Vision Editor App Clip.app */;
			productType = "com.apple.product-type.application.on-demand-install-capable";
		};
		98EAE6322E5F15E80050E579 /* Neon Vision Editor */ = {
			isa = PBXNativeTarget;
			buildConfigurationList = 98EAE6402E5F15EC0050E579 /* Build configuration list for PBXNativeTarget "Neon Vision Editor" */;
			buildPhases = (
				98EAE62F2E5F15E80050E579 /* Sources */,
				98EAE6302E5F15E80050E579 /* Frameworks */,
				98EAE6312E5F15E80050E579 /* Resources */,
				B21000000000000000000001 /* Strip GitHub-only Command Line Helper */,
				501502363A7C4A34A23DF158 /* Embed App Clips */,
				A10000000000000000000004 /* Embed Foundation Extensions */,
			);
			buildRules = (
			);
			dependencies = (
				554D4CE27A1B4B4D89CA60F5 /* PBXTargetDependency */,
				A1000000000000000000000D /* PBXTargetDependency */,
			);
			fileSystemSynchronizedGroups = (
				98EAE6352E5F15E80050E579 /* Neon Vision Editor */,
			);
			name = "Neon Vision Editor";
			productName = "Neon Vision Editor";
			productReference = 98EAE6332E5F15E80050E579 /* Neon Vision Editor.app */;
			productType = "com.apple.product-type.application";
		};
		A1000000000000000000000B /* Neon Vision Editor Share Extension */ = {
			isa = PBXNativeTarget;
			buildConfigurationList = A10000000000000000000010 /* Build configuration list for PBXNativeTarget "Neon Vision Editor Share Extension" */;
			buildPhases = (
				A1000000000000000000000C /* Sources */,
				A10000000000000000000009 /* Frameworks */,
			);
			buildRules = (
			);
			name = "Neon Vision Editor Share Extension";
			productName = "Neon Vision Editor Share Extension";
			productReference = A10000000000000000000008 /* Neon Vision Editor Share Extension.appex */;
			productType = "com.apple.product-type.app-extension";
		};
/* End PBXNativeTarget section */

/* Begin PBXProject section */
		98EAE62B2E5F15E80050E579 /* Project object */ = {
			isa = PBXProject;
			attributes = {
				BuildIndependentTargetsInParallel = 1;
				LastSwiftUpdateCheck = 2600;
				LastUpgradeCheck = 2600;
				TargetAttributes = {
					50864E55167D4016920786DF = {
						CreatedOnToolsVersion = 26.0;
						TestTargetID = 98EAE6322E5F15E80050E579;
					};
					61F0E4E95A9E435E9BA83FC8 = {
						CreatedOnToolsVersion = 26.0;
					};
					98EAE6322E5F15E80050E579 = {
						CreatedOnToolsVersion = 26.0;
					};
					A1000000000000000000000B = {
						CreatedOnToolsVersion = 26.0;
					};
				};
			};
			buildConfigurationList = 98EAE62E2E5F15E80050E579 /* Build configuration list for PBXProject "Neon Vision Editor" */;
			developmentRegion = en;
			hasScannedForEncodings = 0;
			knownRegions = (
				en,
				Base,
				de,
				"zh-Hans",
			);
			mainGroup = 98EAE62A2E5F15E80050E579;
			minimizedProjectReferenceProxies = 1;
			packageReferences = (
			);
			preferredProjectObjectVersion = 100;
			productRefGroup = 98EAE6342E5F15E80050E579 /* Products */;
			projectDirPath = "";
			projectRoot = "";
			targets = (
				98EAE6322E5F15E80050E579 /* Neon Vision Editor */,
				61F0E4E95A9E435E9BA83FC8 /* Neon Vision Editor App Clip */,
				A1000000000000000000000B /* Neon Vision Editor Share Extension */,
				50864E55167D4016920786DF /* Neon Vision EditorTests */,
			);
		};
/* End PBXProject section */

/* Begin PBXResourcesBuildPhase section */
		26A5163C8EC64A83BE577872 /* Resources */ = {
			isa = PBXResourcesBuildPhase;
			files = (
				6D06675379ED4C65BF3A958B /* Neon Vision Editor/Resources/Assets.xcassets in Resources */,
			);
		};
		4699081BD5B546B78CCFFADD /* Resources */ = {
			isa = PBXResourcesBuildPhase;
			files = (
			);
		};
		98EAE6312E5F15E80050E579 /* Resources */ = {
			isa = PBXResourcesBuildPhase;
			files = (
			);
		};
/* End PBXResourcesBuildPhase section */

/* Begin PBXShellScriptBuildPhase section */
		B21000000000000000000001 /* Strip GitHub-only Command Line Helper */ = {
			isa = PBXShellScriptBuildPhase;
			alwaysOutOfDate = 1;
			name = "Strip GitHub-only Command Line Helper";
			shellPath = /bin/sh;
			shellScript = (
				"if [ \"${APP_STORE_BUILD:-NO}\" = \"YES\" ]; then",
				"  rm -f \"${TARGET_BUILD_DIR}/${UNLOCALIZED_RESOURCES_FOLDER_PATH}/nve\"",
				"fi",
				"",
			);
		};
/* End PBXShellScriptBuildPhase section */

/* Begin PBXSourcesBuildPhase section */
		3765EE075FE746DB8B99C89B /* Sources */ = {
			isa = PBXSourcesBuildPhase;
			files = (
			);
		};
		98EAE62F2E5F15E80050E579 /* Sources */ = {
			isa = PBXSourcesBuildPhase;
			files = (
			);
		};
		A1000000000000000000000C /* Sources */ = {
			isa = PBXSourcesBuildPhase;
			files = (
				A10000000000000000000001 /* ShareViewController.swift in Sources */,
			);
		};
		E42EA16BFFED441BAB19310E /* Sources */ = {
			isa = PBXSourcesBuildPhase;
			files = (
				35740DC4950C44A5B1D2D090 /* AppClipApp.swift in Sources */,
			);
		};
/* End PBXSourcesBuildPhase section */

/* Begin PBXTargetDependency section */
		554D4CE27A1B4B4D89CA60F5 /* PBXTargetDependency */ = {
			isa = PBXTargetDependency;
			platformFilter = ios;
			target = 61F0E4E95A9E435E9BA83FC8 /* Neon Vision Editor App Clip */;
			targetProxy = 6D4AB3FDD24C4FA9A3AE2DB5 /* PBXContainerItemProxy */;
		};
		98D001C72F3A432F00AA505C /* PBXTargetDependency */ = {
			isa = PBXTargetDependency;
			target = 98EAE6322E5F15E80050E579 /* Neon Vision Editor */;
			targetProxy = 98D001C62F3A432F00AA505C /* PBXContainerItemProxy */;
		};
		A1000000000000000000000D /* PBXTargetDependency */ = {
			isa = PBXTargetDependency;
			platformFilters = (
				ios,
				macos,
			);
			target = A1000000000000000000000B /* Neon Vision Editor Share Extension */;
			targetProxy = A10000000000000000000003 /* PBXContainerItemProxy */;
		};
/* End PBXTargetDependency section */

/* Begin XCBuildConfiguration section */
		367E90CC7EA3481E8407473A /* Release configuration for PBXNativeTarget "Neon Vision Editor App Clip" */ = {
			isa = XCBuildConfiguration;
			buildSettings = {
				ASSETCATALOG_COMPILER_APPICON_NAME = "AppIcon-iOS";
				ASSETCATALOG_COMPILER_INCLUDE_ALL_APPICON_ASSETS = NO;
				CODE_SIGNING_ALLOWED = YES;
				CODE_SIGN_ENTITLEMENTS = "Neon Vision Editor App Clip/Neon Vision Editor App Clip.entitlements";
				CODE_SIGN_IDENTITY = "Apple Development";
				CODE_SIGN_STYLE = Automatic;
				CURRENT_PROJECT_VERSION = 826;
				DEAD_CODE_STRIPPING = YES;
				DEVELOPMENT_TEAM = CS727NF72U;
				ENABLE_PREVIEWS = YES;
				GENERATE_INFOPLIST_FILE = NO;
				INFOPLIST_FILE = "Neon Vision Editor App Clip/Info.plist";
				INFOPLIST_KEY_LSApplicationCategoryType = "public.app-category.developer-tools";
				IPHONEOS_DEPLOYMENT_TARGET = 18.6.0;
				LD_RUNPATH_SEARCH_PATHS = "@executable_path/Frameworks";
				MACOSX_DEPLOYMENT_TARGET = "$(RECOMMENDED_MACOSX_DEPLOYMENT_TARGET)";
				MARKETING_VERSION = 0.9.0;
				PRODUCT_BUNDLE_IDENTIFIER = "h3p.Neon-Vision-Editor.Clip";
				PRODUCT_NAME = "$(TARGET_NAME)";
				PROVISIONING_PROFILE_SPECIFIER = "";
				SDKROOT = iphoneos;
				STRING_CATALOG_GENERATE_SYMBOLS = YES;
				SUPPORTED_PLATFORMS = "iphoneos iphonesimulator";
				SUPPORTS_MACCATALYST = NO;
				SWIFT_APPROACHABLE_CONCURRENCY = NO;
				SWIFT_DEFAULT_ACTOR_ISOLATION = MainActor;
				SWIFT_EMIT_LOC_STRINGS = YES;
				SWIFT_UPCOMING_FEATURE_MEMBER_IMPORT_VISIBILITY = YES;
				SWIFT_VERSION = 6.0;
				TARGETED_DEVICE_FAMILY = "1,2";
			};
			name = Release;
		};
		3804A8F35E4A45969CD3C69F /* Debug configuration for PBXNativeTarget "Neon Vision Editor App Clip" */ = {
			isa = XCBuildConfiguration;
			buildSettings = {
				ASSETCATALOG_COMPILER_APPICON_NAME = "AppIcon-iOS";
				ASSETCATALOG_COMPILER_INCLUDE_ALL_APPICON_ASSETS = NO;
				CODE_SIGNING_ALLOWED = YES;
				CODE_SIGN_ENTITLEMENTS = "Neon Vision Editor App Clip/Neon Vision Editor App Clip.entitlements";
				CODE_SIGN_IDENTITY = "Apple Development";
				CODE_SIGN_STYLE = Automatic;
				COPY_PHASE_STRIP = NO;
				CURRENT_PROJECT_VERSION = 826;
				DEAD_CODE_STRIPPING = YES;
				DEVELOPMENT_TEAM = CS727NF72U;
				ENABLE_PREVIEWS = YES;
				GENERATE_INFOPLIST_FILE = NO;
				INFOPLIST_FILE = "Neon Vision Editor App Clip/Info.plist";
				INFOPLIST_KEY_LSApplicationCategoryType = "public.app-category.developer-tools";
				IPHONEOS_DEPLOYMENT_TARGET = 18.6.0;
				LD_RUNPATH_SEARCH_PATHS = "@executable_path/Frameworks";
				MACOSX_DEPLOYMENT_TARGET = "$(RECOMMENDED_MACOSX_DEPLOYMENT_TARGET)";
				MARKETING_VERSION = 0.9.0;
				PRODUCT_BUNDLE_IDENTIFIER = "h3p.Neon-Vision-Editor.Clip";
				PRODUCT_NAME = "$(TARGET_NAME)";
				PROVISIONING_PROFILE_SPECIFIER = "";
				SDKROOT = iphoneos;
				STRING_CATALOG_GENERATE_SYMBOLS = YES;
				SUPPORTED_PLATFORMS = "iphoneos iphonesimulator";
				SUPPORTS_MACCATALYST = NO;
				SWIFT_APPROACHABLE_CONCURRENCY = NO;
				SWIFT_DEFAULT_ACTOR_ISOLATION = MainActor;
				SWIFT_EMIT_LOC_STRINGS = YES;
				SWIFT_UPCOMING_FEATURE_MEMBER_IMPORT_VISIBILITY = YES;
				SWIFT_VERSION = 6.0;
				TARGETED_DEVICE_FAMILY = "1,2";
			};
			name = Debug;
		};
		6907754433E24B5991080A1E /* Debug configuration for PBXNativeTarget "Neon Vision EditorTests" */ = {
			isa = XCBuildConfiguration;
			buildSettings = {
				BUNDLE_LOADER = "$(TEST_HOST)";
				"BUNDLE_LOADER[sdk=iphoneos*]" = "$(TEST_HOST)";
				"BUNDLE_LOADER[sdk=iphonesimulator*]" = "$(TEST_HOST)";
				DEVELOPMENT_TEAM = CS727NF72U;
				GENERATE_INFOPLIST_FILE = YES;
				"INFOPLIST_FILE[sdk=iphoneos*]" = "Info-iOS.plist";
				"INFOPLIST_FILE[sdk=iphonesimulator*]" = "Info-iOS.plist";
				"INFOPLIST_FILE[sdk=macosx*]" = "Info-macOS.plist";
				INFOPLIST_KEY_CFBundleDisplayName = "Neon Vision EditorTests";
				IPHONEOS_DEPLOYMENT_TARGET = 18.6;
				MACOSX_DEPLOYMENT_TARGET = 15.0;
				PRODUCT_BUNDLE_IDENTIFIER = "h3p.Neon-Vision-EditorTests";
				PRODUCT_NAME = "$(TARGET_NAME)";
				SDKROOT = auto;
				SUPPORTED_PLATFORMS = "iphoneos iphonesimulator macosx";
				SWIFT_ACTIVE_COMPILATION_CONDITIONS = USE_FOUNDATION_MODELS;
				SWIFT_VERSION = 6.0;
				TEST_HOST = "$(BUILT_PRODUCTS_DIR)/Neon Vision Editor.app/$(BUNDLE_EXECUTABLE_FOLDER_PATH)/Neon Vision Editor";
				"TEST_HOST[sdk=iphoneos*]" = "$(BUILT_PRODUCTS_DIR)/Neon Vision Editor.app/Neon Vision Editor";
				"TEST_HOST[sdk=iphonesimulator*]" = "$(BUILT_PRODUCTS_DIR)/Neon Vision Editor.app/Neon Vision Editor";
			};
			name = Debug;
		};
		98AF65222FD88D510006115C /* Release-GitHub configuration for PBXNativeTarget "Neon Vision Editor App Clip" */ = {
			isa = XCBuildConfiguration;
			buildSettings = {
				ASSETCATALOG_COMPILER_INCLUDE_ALL_APPICON_ASSETS = NO;
				CODE_SIGN_STYLE = Manual;
				DEVELOPMENT_TEAM = "";
				INFOPLIST_KEY_LSApplicationCategoryType = "public.app-category.developer-tools";
				IPHONEOS_DEPLOYMENT_TARGET = 18.6.0;
				MACOSX_DEPLOYMENT_TARGET = "$(RECOMMENDED_MACOSX_DEPLOYMENT_TARGET)";
				"PRODUCT_BUNDLE_IDENTIFIER[sdk=macosx*]" = "h3p.Neon-Vision-Editor.Clip";
				PRODUCT_NAME = "Neon Vision Editor App Clip";
				PROVISIONING_PROFILE_SPECIFIER = "";
			};
			name = "Release-GitHub";
		};
		98AF65232FD88D510006115C /* Release-GitHub configuration for PBXNativeTarget "Neon Vision EditorTests" */ = {
			isa = XCBuildConfiguration;
			buildSettings = {
				IPHONEOS_DEPLOYMENT_TARGET = 18.6;
				MACOSX_DEPLOYMENT_TARGET = 15.0;
				PRODUCT_NAME = "Neon Vision EditorTests";
			};
			name = "Release-GitHub";
		};
		98BD22182FB3D6AF005BB89C /* Debug configuration for PBXNativeTarget "Neon Vision Editor" */ = {
			isa = XCBuildConfiguration;
			buildSettings = {
				"ASSETCATALOG_COMPILER_APPICON_NAME[sdk=iphoneos*]" = AppIcon;
				"ASSETCATALOG_COMPILER_APPICON_NAME[sdk=iphonesimulator*]" = AppIcon;
				"ASSETCATALOG_COMPILER_APPICON_NAME[sdk=macosx*]" = "AppIcon-iOS";
				"ASSETCATALOG_COMPILER_APPICON_NAME[sdk=macosx26.*]" = AppIcon;
				"ASSETCATALOG_COMPILER_APPICON_NAME[sdk=macosx27.*]" = AppIcon;
				"ASSETCATALOG_COMPILER_APPICON_NAME[sdk=xros*]" = "AppIcon-vision";
				"ASSETCATALOG_COMPILER_APPICON_NAME[sdk=xrsimulator*]" = "AppIcon-vision";
				ASSETCATALOG_COMPILER_GLOBAL_ACCENT_COLOR_NAME = AccentColor;
				ASSETCATALOG_COMPILER_INCLUDE_ALL_APPICON_ASSETS = NO;
				AUTOMATION_APPLE_EVENTS = NO;
				CODE_SIGNING_ALLOWED = YES;
				"CODE_SIGN_ENTITLEMENTS[sdk=iphoneos*]" = "Neon Vision Editor/Neon Vision Editor iOS.entitlements";
				"CODE_SIGN_ENTITLEMENTS[sdk=iphonesimulator*]" = "Neon Vision Editor/Neon Vision Editor iOS.entitlements";
				"CODE_SIGN_ENTITLEMENTS[sdk=macosx*]" = "Neon Vision Editor/Neon Vision Editor macOS.entitlements";
				CODE_SIGN_IDENTITY = "Apple Development";
				CODE_SIGN_STYLE = Automatic;
				COPY_PHASE_STRIP = NO;
				CURRENT_PROJECT_VERSION = 826;
				DEAD_CODE_STRIPPING = YES;
				DEVELOPMENT_TEAM = CS727NF72U;
				ENABLE_APP_SANDBOX = YES;
				ENABLE_HARDENED_RUNTIME = YES;
				ENABLE_INCOMING_NETWORK_CONNECTIONS = NO;
				ENABLE_OUTGOING_NETWORK_CONNECTIONS = YES;
				ENABLE_PREVIEWS = YES;
				ENABLE_RESOURCE_ACCESS_AUDIO_INPUT = NO;
				ENABLE_RESOURCE_ACCESS_BLUETOOTH = NO;
				ENABLE_RESOURCE_ACCESS_CALENDARS = NO;
				ENABLE_RESOURCE_ACCESS_CAMERA = NO;
				ENABLE_RESOURCE_ACCESS_CONTACTS = NO;
				ENABLE_RESOURCE_ACCESS_LOCATION = NO;
				ENABLE_RESOURCE_ACCESS_PHOTO_LIBRARY = NO;
				ENABLE_RESOURCE_ACCESS_PRINTING = NO;
				ENABLE_RESOURCE_ACCESS_USB = NO;
				ENABLE_USER_SELECTED_FILES = readwrite;
				GCC_DYNAMIC_NO_PIC = NO;
				GCC_OPTIMIZATION_LEVEL = 0;
				GENERATE_INFOPLIST_FILE = YES;
				"GENERATE_INFOPLIST_FILE[sdk=iphoneos*]" = NO;
				"GENERATE_INFOPLIST_FILE[sdk=iphonesimulator*]" = NO;
				"GENERATE_INFOPLIST_FILE[sdk=macosx*]" = NO;
				"ICON_FILE[sdk=macosx26.*]" = AppIcon.icon;
				"ICON_FILE[sdk=macosx27.*]" = AppIcon.icon;
				"INFOPLIST_FILE[sdk=iphoneos*]" = "Info-iOS.plist";
				"INFOPLIST_FILE[sdk=iphonesimulator*]" = "Info-iOS.plist";
				"INFOPLIST_FILE[sdk=macosx*]" = "Info-macOS.plist";
				INFOPLIST_KEY_CFBundleDisplayName = "Neon Vision Editor";
				INFOPLIST_KEY_ITSAppUsesNonExemptEncryption = NO;
				INFOPLIST_KEY_LSApplicationCategoryType = "public.app-category.developer-tools";
				INFOPLIST_KEY_LSSupportsOpeningDocumentsInPlace = YES;
				"INFOPLIST_KEY_UIApplicationSceneManifest_Generation[sdk=iphoneos*]" = YES;
				"INFOPLIST_KEY_UIApplicationSceneManifest_Generation[sdk=iphonesimulator*]" = YES;
				"INFOPLIST_KEY_UIApplicationSupportsIndirectInputEvents[sdk=iphoneos*]" = YES;
				"INFOPLIST_KEY_UIApplicationSupportsIndirectInputEvents[sdk=iphonesimulator*]" = YES;
				INFOPLIST_KEY_UIFileSharingEnabled = YES;
				"INFOPLIST_KEY_UILaunchScreen_Generation[sdk=iphoneos*]" = YES;
				"INFOPLIST_KEY_UILaunchScreen_Generation[sdk=iphonesimulator*]" = YES;
				INFOPLIST_KEY_UIStatusBarStyle = "";
				"INFOPLIST_KEY_UIStatusBarStyle[sdk=iphoneos*]" = UIStatusBarStyleDefault;
				"INFOPLIST_KEY_UIStatusBarStyle[sdk=iphonesimulator*]" = UIStatusBarStyleDefault;
				INFOPLIST_KEY_UISupportedInterfaceOrientations_iPad = "UIInterfaceOrientationPortrait UIInterfaceOrientationPortraitUpsideDown UIInterfaceOrientationLandscapeLeft UIInterfaceOrientationLandscapeRight";
				INFOPLIST_KEY_UISupportedInterfaceOrientations_iPhone = "UIInterfaceOrientationPortrait UIInterfaceOrientationLandscapeLeft UIInterfaceOrientationLandscapeRight";
				INFOPLIST_KEY_UISupportsDocumentBrowser = YES;
				IPHONEOS_DEPLOYMENT_TARGET = 18.6;
				LD_RUNPATH_SEARCH_PATHS = "@executable_path/Frameworks";
				"LD_RUNPATH_SEARCH_PATHS[sdk=macosx*]" = "@executable_path/../Frameworks";
				MACOSX_DEPLOYMENT_TARGET = 14.6;
				MARKETING_VERSION = 0.9.0;
				PRODUCT_BUNDLE_IDENTIFIER = "h3p.Neon-Vision-Editor";
				PRODUCT_NAME = "$(TARGET_NAME)";
				PROVISIONING_PROFILE_SPECIFIER = "";
				REGISTER_APP_GROUPS = YES;
				RUNTIME_EXCEPTION_ALLOW_DYLD_ENVIRONMENT_VARIABLES = NO;
				RUNTIME_EXCEPTION_ALLOW_JIT = NO;
				RUNTIME_EXCEPTION_ALLOW_UNSIGNED_EXECUTABLE_MEMORY = NO;
				RUNTIME_EXCEPTION_DEBUGGING_TOOL = NO;
				RUNTIME_EXCEPTION_DISABLE_EXECUTABLE_PAGE_PROTECTION = NO;
				RUNTIME_EXCEPTION_DISABLE_LIBRARY_VALIDATION = NO;
				SDKROOT = auto;
				STRING_CATALOG_GENERATE_SYMBOLS = YES;
				SUPPORTED_PLATFORMS = "iphoneos iphonesimulator macosx xros xrsimulator";
				SUPPORTS_MACCATALYST = NO;
				SUPPORTS_XR_DESIGNED_FOR_IPHONE_IPAD = NO;
				SWIFT_APPROACHABLE_CONCURRENCY = NO;
				SWIFT_DEFAULT_ACTOR_ISOLATION = MainActor;
				SWIFT_EMIT_LOC_STRINGS = YES;
				SWIFT_UPCOMING_FEATURE_MEMBER_IMPORT_VISIBILITY = YES;
				SWIFT_VERSION = 6.0;
				TARGETED_DEVICE_FAMILY = "1,2,7";
				VERSIONING_SYSTEM = "apple-generic";
				XROS_DEPLOYMENT_TARGET = 26.5;
			};
			name = Debug;
		};
		98EAE63E2E5F15EC0050E579 /* Debug configuration for PBXProject "Neon Vision Editor" */ = {
			isa = XCBuildConfiguration;
			buildSettings = {
				ALWAYS_SEARCH_USER_PATHS = NO;
				ASSETCATALOG_COMPILER_GENERATE_SWIFT_ASSET_SYMBOL_EXTENSIONS = YES;
				CLANG_ANALYZER_LOCALIZABILITY_NONLOCALIZED = YES;
				CLANG_ANALYZER_NONNULL = YES;
				CLANG_ANALYZER_NUMBER_OBJECT_CONVERSION = YES_AGGRESSIVE;
				CLANG_CXX_LANGUAGE_STANDARD = "gnu++20";
				CLANG_ENABLE_MODULES = YES;
				CLANG_ENABLE_OBJC_ARC = YES;
				CLANG_ENABLE_OBJC_WEAK = YES;
				CLANG_WARN_BLOCK_CAPTURE_AUTORELEASING = YES;
				CLANG_WARN_BOOL_CONVERSION = YES;
				CLANG_WARN_COMMA = YES;
				CLANG_WARN_CONSTANT_CONVERSION = YES;
				CLANG_WARN_DEPRECATED_OBJC_IMPLEMENTATIONS = YES;
				CLANG_WARN_DIRECT_OBJC_ISA_USAGE = YES_ERROR;
				CLANG_WARN_DOCUMENTATION_COMMENTS = YES;
				CLANG_WARN_EMPTY_BODY = YES;
				CLANG_WARN_ENUM_CONVERSION = YES;
				CLANG_WARN_INFINITE_RECURSION = YES;
				CLANG_WARN_INT_CONVERSION = YES;
				CLANG_WARN_NON_LITERAL_NULL_CONVERSION = YES;
				CLANG_WARN_OBJC_IMPLICIT_RETAIN_SELF = YES;
				CLANG_WARN_OBJC_LITERAL_CONVERSION = YES;
				CLANG_WARN_OBJC_ROOT_CLASS = YES_ERROR;
				CLANG_WARN_QUOTED_INCLUDE_IN_FRAMEWORK_HEADER = YES;
				CLANG_WARN_RANGE_LOOP_ANALYSIS = YES;
				CLANG_WARN_STRICT_PROTOTYPES = YES;
				CLANG_WARN_SUSPICIOUS_MOVE = YES;
				CLANG_WARN_UNGUARDED_AVAILABILITY = YES_AGGRESSIVE;
				CLANG_WARN_UNREACHABLE_CODE = YES;
				CLANG_WARN__DUPLICATE_METHOD_MATCH = YES;
				COPY_PHASE_STRIP = NO;
				DEAD_CODE_STRIPPING = YES;
				DEBUG_INFORMATION_FORMAT = dwarf;
				DEVELOPMENT_TEAM = CS727NF72U;
				ENABLE_STRICT_OBJC_MSGSEND = YES;
				ENABLE_TESTABILITY = YES;
				ENABLE_USER_SCRIPT_SANDBOXING = YES;
				GCC_C_LANGUAGE_STANDARD = gnu17;
				GCC_DYNAMIC_NO_PIC = NO;
				GCC_NO_COMMON_BLOCKS = YES;
				GCC_OPTIMIZATION_LEVEL = 0;
				GCC_PREPROCESSOR_DEFINITIONS = (
					"DEBUG=1",
					"$(inherited)",
				);
				GCC_WARN_64_TO_32_BIT_CONVERSION = YES;
				GCC_WARN_ABOUT_RETURN_TYPE = YES_ERROR;
				GCC_WARN_UNDECLARED_SELECTOR = YES;
				GCC_WARN_UNINITIALIZED_AUTOS = YES_AGGRESSIVE;
				GCC_WARN_UNUSED_FUNCTION = YES;
				GCC_WARN_UNUSED_VARIABLE = YES;
				GENERATE_INFOPLIST_FILE = YES;
				"INFOPLIST_FILE[sdk=iphoneos*]" = "Info-iOS.plist";
				"INFOPLIST_FILE[sdk=iphonesimulator*]" = "Info-iOS.plist";
				"INFOPLIST_FILE[sdk=macosx*]" = "Info-macOS.plist";
				LOCALIZATION_PREFERS_STRING_CATALOGS = YES;
				MTL_ENABLE_DEBUG_INFO = INCLUDE_SOURCE;
				MTL_FAST_MATH = YES;
				ONLY_ACTIVE_ARCH = YES;
				STRING_CATALOG_GENERATE_SYMBOLS = YES;
				SWIFT_ACTIVE_COMPILATION_CONDITIONS = USE_FOUNDATION_MODELS;
				SWIFT_OPTIMIZATION_LEVEL = "-Onone";
				SWIFT_VERSION = 6.0;
			};
			name = Debug;
		};
		98EAE63F2E5F15EC0050E579 /* Release configuration for PBXProject "Neon Vision Editor" */ = {
			isa = XCBuildConfiguration;
			buildSettings = {
				ALWAYS_SEARCH_USER_PATHS = NO;
				ASSETCATALOG_COMPILER_GENERATE_SWIFT_ASSET_SYMBOL_EXTENSIONS = YES;
				CLANG_ANALYZER_LOCALIZABILITY_NONLOCALIZED = YES;
				CLANG_ANALYZER_NONNULL = YES;
				CLANG_ANALYZER_NUMBER_OBJECT_CONVERSION = YES_AGGRESSIVE;
				CLANG_CXX_LANGUAGE_STANDARD = "gnu++20";
				CLANG_ENABLE_MODULES = YES;
				CLANG_ENABLE_OBJC_ARC = YES;
				CLANG_ENABLE_OBJC_WEAK = YES;
				CLANG_WARN_BLOCK_CAPTURE_AUTORELEASING = YES;
				CLANG_WARN_BOOL_CONVERSION = YES;
				CLANG_WARN_COMMA = YES;
				CLANG_WARN_CONSTANT_CONVERSION = YES;
				CLANG_WARN_DEPRECATED_OBJC_IMPLEMENTATIONS = YES;
				CLANG_WARN_DIRECT_OBJC_ISA_USAGE = YES_ERROR;
				CLANG_WARN_DOCUMENTATION_COMMENTS = YES;
				CLANG_WARN_EMPTY_BODY = YES;
				CLANG_WARN_ENUM_CONVERSION = YES;
				CLANG_WARN_INFINITE_RECURSION = YES;
				CLANG_WARN_INT_CONVERSION = YES;
				CLANG_WARN_NON_LITERAL_NULL_CONVERSION = YES;
				CLANG_WARN_OBJC_IMPLICIT_RETAIN_SELF = YES;
				CLANG_WARN_OBJC_LITERAL_CONVERSION = YES;
				CLANG_WARN_OBJC_ROOT_CLASS = YES_ERROR;
				CLANG_WARN_QUOTED_INCLUDE_IN_FRAMEWORK_HEADER = YES;
				CLANG_WARN_RANGE_LOOP_ANALYSIS = YES;
				CLANG_WARN_STRICT_PROTOTYPES = YES;
				CLANG_WARN_SUSPICIOUS_MOVE = YES;
				CLANG_WARN_UNGUARDED_AVAILABILITY = YES_AGGRESSIVE;
				CLANG_WARN_UNREACHABLE_CODE = YES;
				CLANG_WARN__DUPLICATE_METHOD_MATCH = YES;
				COPY_PHASE_STRIP = NO;
				DEAD_CODE_STRIPPING = YES;
				DEBUG_INFORMATION_FORMAT = "dwarf-with-dsym";
				DEVELOPMENT_TEAM = CS727NF72U;
				ENABLE_NS_ASSERTIONS = NO;
				ENABLE_STRICT_OBJC_MSGSEND = YES;
				ENABLE_USER_SCRIPT_SANDBOXING = YES;
				GCC_C_LANGUAGE_STANDARD = gnu17;
				GCC_NO_COMMON_BLOCKS = YES;
				GCC_WARN_64_TO_32_BIT_CONVERSION = YES;
				GCC_WARN_ABOUT_RETURN_TYPE = YES_ERROR;
				GCC_WARN_UNDECLARED_SELECTOR = YES;
				GCC_WARN_UNINITIALIZED_AUTOS = YES_AGGRESSIVE;
				GCC_WARN_UNUSED_FUNCTION = YES;
				GCC_WARN_UNUSED_VARIABLE = YES;
				LOCALIZATION_PREFERS_STRING_CATALOGS = YES;
				MTL_ENABLE_DEBUG_INFO = NO;
				MTL_FAST_MATH = YES;
				ONLY_ACTIVE_ARCH = YES;
				STRING_CATALOG_GENERATE_SYMBOLS = YES;
				SWIFT_ACTIVE_COMPILATION_CONDITIONS = USE_FOUNDATION_MODELS;
				SWIFT_COMPILATION_MODE = wholemodule;
				SWIFT_VERSION = 6.0;
			};
			name = Release;
		};
		98EAE6422E5F15EC0050E579 /* Release configuration for PBXNativeTarget "Neon Vision Editor" */ = {
			isa = XCBuildConfiguration;
			buildSettings = {
				APP_STORE_BUILD = YES;
				"ASSETCATALOG_COMPILER_APPICON_NAME[sdk=iphoneos*]" = AppIcon;
				"ASSETCATALOG_COMPILER_APPICON_NAME[sdk=iphonesimulator*]" = AppIcon;
				"ASSETCATALOG_COMPILER_APPICON_NAME[sdk=macosx*]" = "AppIcon-iOS";
				"ASSETCATALOG_COMPILER_APPICON_NAME[sdk=macosx26.*]" = AppIcon;
				"ASSETCATALOG_COMPILER_APPICON_NAME[sdk=macosx27.*]" = AppIcon;
				"ASSETCATALOG_COMPILER_APPICON_NAME[sdk=xros*]" = "AppIcon-vision";
				"ASSETCATALOG_COMPILER_APPICON_NAME[sdk=xrsimulator*]" = "AppIcon-vision";
				ASSETCATALOG_COMPILER_GLOBAL_ACCENT_COLOR_NAME = AccentColor;
				ASSETCATALOG_COMPILER_INCLUDE_ALL_APPICON_ASSETS = NO;
				AUTOMATION_APPLE_EVENTS = NO;
				CODE_SIGNING_ALLOWED = YES;
				"CODE_SIGN_ENTITLEMENTS[sdk=iphoneos*]" = "Neon Vision Editor/Neon Vision Editor iOS.entitlements";
				"CODE_SIGN_ENTITLEMENTS[sdk=iphonesimulator*]" = "Neon Vision Editor/Neon Vision Editor iOS.entitlements";
				"CODE_SIGN_ENTITLEMENTS[sdk=macosx*]" = "Neon Vision Editor/Neon Vision Editor macOS.entitlements";
				CODE_SIGN_IDENTITY = "Apple Development";
				CODE_SIGN_STYLE = Automatic;
				CURRENT_PROJECT_VERSION = 826;
				DEAD_CODE_STRIPPING = YES;
				DEVELOPMENT_TEAM = CS727NF72U;
				ENABLE_APP_SANDBOX = YES;
				ENABLE_HARDENED_RUNTIME = YES;
				ENABLE_INCOMING_NETWORK_CONNECTIONS = NO;
				ENABLE_OUTGOING_NETWORK_CONNECTIONS = YES;
				ENABLE_PREVIEWS = YES;
				ENABLE_RESOURCE_ACCESS_AUDIO_INPUT = NO;
				ENABLE_RESOURCE_ACCESS_BLUETOOTH = NO;
				ENABLE_RESOURCE_ACCESS_CALENDARS = NO;
				ENABLE_RESOURCE_ACCESS_CAMERA = NO;
				ENABLE_RESOURCE_ACCESS_CONTACTS = NO;
				ENABLE_RESOURCE_ACCESS_LOCATION = NO;
				ENABLE_RESOURCE_ACCESS_PHOTO_LIBRARY = NO;
				ENABLE_RESOURCE_ACCESS_PRINTING = NO;
				ENABLE_RESOURCE_ACCESS_USB = NO;
				ENABLE_USER_SCRIPT_SANDBOXING = NO;
				ENABLE_USER_SELECTED_FILES = readwrite;
				GENERATE_INFOPLIST_FILE = YES;
				"GENERATE_INFOPLIST_FILE[sdk=iphoneos*]" = NO;
				"GENERATE_INFOPLIST_FILE[sdk=iphonesimulator*]" = NO;
				"GENERATE_INFOPLIST_FILE[sdk=macosx*]" = NO;
				"ICON_FILE[sdk=macosx26.*]" = AppIcon.icon;
				"ICON_FILE[sdk=macosx27.*]" = AppIcon.icon;
				"INFOPLIST_FILE[sdk=iphoneos*]" = "Info-iOS.plist";
				"INFOPLIST_FILE[sdk=iphonesimulator*]" = "Info-iOS.plist";
				"INFOPLIST_FILE[sdk=macosx*]" = "Info-macOS.plist";
				INFOPLIST_KEY_CFBundleDisplayName = "Neon Vision Editor";
				INFOPLIST_KEY_ITSAppUsesNonExemptEncryption = NO;
				INFOPLIST_KEY_LSApplicationCategoryType = "public.app-category.developer-tools";
				INFOPLIST_KEY_LSSupportsOpeningDocumentsInPlace = YES;
				"INFOPLIST_KEY_UIApplicationSceneManifest_Generation[sdk=iphoneos*]" = YES;
				"INFOPLIST_KEY_UIApplicationSceneManifest_Generation[sdk=iphonesimulator*]" = YES;
				"INFOPLIST_KEY_UIApplicationSupportsIndirectInputEvents[sdk=iphoneos*]" = YES;
				"INFOPLIST_KEY_UIApplicationSupportsIndirectInputEvents[sdk=iphonesimulator*]" = YES;
				INFOPLIST_KEY_UIFileSharingEnabled = YES;
				"INFOPLIST_KEY_UILaunchScreen_Generation[sdk=iphoneos*]" = YES;
				"INFOPLIST_KEY_UILaunchScreen_Generation[sdk=iphonesimulator*]" = YES;
				INFOPLIST_KEY_UIStatusBarStyle = "";
				"INFOPLIST_KEY_UIStatusBarStyle[sdk=iphoneos*]" = UIStatusBarStyleDefault;
				"INFOPLIST_KEY_UIStatusBarStyle[sdk=iphonesimulator*]" = UIStatusBarStyleDefault;
				INFOPLIST_KEY_UISupportedInterfaceOrientations_iPad = "UIInterfaceOrientationPortrait UIInterfaceOrientationPortraitUpsideDown UIInterfaceOrientationLandscapeLeft UIInterfaceOrientationLandscapeRight";
				INFOPLIST_KEY_UISupportedInterfaceOrientations_iPhone = "UIInterfaceOrientationPortrait UIInterfaceOrientationLandscapeLeft UIInterfaceOrientationLandscapeRight";
				INFOPLIST_KEY_UISupportsDocumentBrowser = YES;
				IPHONEOS_DEPLOYMENT_TARGET = 18.6;
				LD_RUNPATH_SEARCH_PATHS = "@executable_path/Frameworks";
				"LD_RUNPATH_SEARCH_PATHS[sdk=macosx*]" = "@executable_path/../Frameworks";
				MACOSX_DEPLOYMENT_TARGET = 14.6;
				MARKETING_VERSION = 0.9.0;
				PRODUCT_BUNDLE_IDENTIFIER = "h3p.Neon-Vision-Editor";
				PRODUCT_NAME = "$(TARGET_NAME)";
				PROVISIONING_PROFILE_SPECIFIER = "";
				REGISTER_APP_GROUPS = YES;
				RUNTIME_EXCEPTION_ALLOW_DYLD_ENVIRONMENT_VARIABLES = NO;
				RUNTIME_EXCEPTION_ALLOW_JIT = NO;
				RUNTIME_EXCEPTION_ALLOW_UNSIGNED_EXECUTABLE_MEMORY = NO;
				RUNTIME_EXCEPTION_DEBUGGING_TOOL = NO;
				RUNTIME_EXCEPTION_DISABLE_EXECUTABLE_PAGE_PROTECTION = NO;
				RUNTIME_EXCEPTION_DISABLE_LIBRARY_VALIDATION = NO;
				SDKROOT = auto;
				STRING_CATALOG_GENERATE_SYMBOLS = YES;
				SUPPORTED_PLATFORMS = "iphoneos iphonesimulator macosx xros xrsimulator";
				SUPPORTS_MACCATALYST = NO;
				SUPPORTS_XR_DESIGNED_FOR_IPHONE_IPAD = NO;
				SWIFT_APPROACHABLE_CONCURRENCY = NO;
				SWIFT_DEFAULT_ACTOR_ISOLATION = MainActor;
				SWIFT_EMIT_LOC_STRINGS = YES;
				SWIFT_UPCOMING_FEATURE_MEMBER_IMPORT_VISIBILITY = YES;
				SWIFT_VERSION = 6.0;
				TARGETED_DEVICE_FAMILY = "1,2,7";
				VERSIONING_SYSTEM = "apple-generic";
				XROS_DEPLOYMENT_TARGET = 26.5;
			};
			name = Release;
		};
		98EAE6432E5F15EC0050E579 /* Release-GitHub configuration for PBXProject "Neon Vision Editor" */ = {
			isa = XCBuildConfiguration;
			buildSettings = {
				ALWAYS_SEARCH_USER_PATHS = NO;
				ASSETCATALOG_COMPILER_GENERATE_SWIFT_ASSET_SYMBOL_EXTENSIONS = YES;
				CLANG_ANALYZER_LOCALIZABILITY_NONLOCALIZED = YES;
				CLANG_ANALYZER_NONNULL = YES;
				CLANG_ANALYZER_NUMBER_OBJECT_CONVERSION = YES_AGGRESSIVE;
				CLANG_CXX_LANGUAGE_STANDARD = "gnu++20";
				CLANG_ENABLE_MODULES = YES;
				CLANG_ENABLE_OBJC_ARC = YES;
				CLANG_ENABLE_OBJC_WEAK = YES;
				CLANG_WARN_BLOCK_CAPTURE_AUTORELEASING = YES;
				CLANG_WARN_BOOL_CONVERSION = YES;
				CLANG_WARN_COMMA = YES;
				CLANG_WARN_CONSTANT_CONVERSION = YES;
				CLANG_WARN_DEPRECATED_OBJC_IMPLEMENTATIONS = YES;
				CLANG_WARN_DIRECT_OBJC_ISA_USAGE = YES_ERROR;
				CLANG_WARN_DOCUMENTATION_COMMENTS = YES;
				CLANG_WARN_EMPTY_BODY = YES;
				CLANG_WARN_ENUM_CONVERSION = YES;
				CLANG_WARN_INFINITE_RECURSION = YES;
				CLANG_WARN_INT_CONVERSION = YES;
				CLANG_WARN_NON_LITERAL_NULL_CONVERSION = YES;
				CLANG_WARN_OBJC_IMPLICIT_RETAIN_SELF = YES;
				CLANG_WARN_OBJC_LITERAL_CONVERSION = YES;
				CLANG_WARN_OBJC_ROOT_CLASS = YES_ERROR;
				CLANG_WARN_QUOTED_INCLUDE_IN_FRAMEWORK_HEADER = YES;
				CLANG_WARN_RANGE_LOOP_ANALYSIS = YES;
				CLANG_WARN_STRICT_PROTOTYPES = YES;
				CLANG_WARN_SUSPICIOUS_MOVE = YES;
				CLANG_WARN_UNGUARDED_AVAILABILITY = YES_AGGRESSIVE;
				CLANG_WARN_UNREACHABLE_CODE = YES;
				CLANG_WARN__DUPLICATE_METHOD_MATCH = YES;
				COPY_PHASE_STRIP = NO;
				DEAD_CODE_STRIPPING = YES;
				DEBUG_INFORMATION_FORMAT = "dwarf-with-dsym";
				DEVELOPMENT_TEAM = CS727NF72U;
				ENABLE_NS_ASSERTIONS = NO;
				ENABLE_STRICT_OBJC_MSGSEND = YES;
				ENABLE_USER_SCRIPT_SANDBOXING = YES;
				GCC_C_LANGUAGE_STANDARD = gnu17;
				GCC_NO_COMMON_BLOCKS = YES;
				GCC_WARN_64_TO_32_BIT_CONVERSION = YES;
				GCC_WARN_ABOUT_RETURN_TYPE = YES_ERROR;
				GCC_WARN_UNDECLARED_SELECTOR = YES;
				GCC_WARN_UNINITIALIZED_AUTOS = YES_AGGRESSIVE;
				GCC_WARN_UNUSED_FUNCTION = YES;
				GCC_WARN_UNUSED_VARIABLE = YES;
				LOCALIZATION_PREFERS_STRING_CATALOGS = YES;
				MTL_ENABLE_DEBUG_INFO = NO;
				MTL_FAST_MATH = YES;
				ONLY_ACTIVE_ARCH = YES;
				STRING_CATALOG_GENERATE_SYMBOLS = YES;
				SWIFT_ACTIVE_COMPILATION_CONDITIONS = USE_FOUNDATION_MODELS;
				SWIFT_COMPILATION_MODE = wholemodule;
				SWIFT_VERSION = 6.0;
			};
			name = "Release-GitHub";
		};
		98EAE6442E5F15EC0050E579 /* Release-GitHub configuration for PBXNativeTarget "Neon Vision Editor" */ = {
			isa = XCBuildConfiguration;
			buildSettings = {
				"ASSETCATALOG_COMPILER_APPICON_NAME[sdk=iphoneos*]" = AppIcon;
				"ASSETCATALOG_COMPILER_APPICON_NAME[sdk=iphonesimulator*]" = AppIcon;
				"ASSETCATALOG_COMPILER_APPICON_NAME[sdk=macosx*]" = "AppIcon-iOS";
				"ASSETCATALOG_COMPILER_APPICON_NAME[sdk=macosx26.*]" = AppIcon;
				"ASSETCATALOG_COMPILER_APPICON_NAME[sdk=macosx27.*]" = AppIcon;
				"ASSETCATALOG_COMPILER_APPICON_NAME[sdk=xros*]" = "AppIcon-vision";
				"ASSETCATALOG_COMPILER_APPICON_NAME[sdk=xrsimulator*]" = "AppIcon-vision";
				ASSETCATALOG_COMPILER_GLOBAL_ACCENT_COLOR_NAME = AccentColor;
				ASSETCATALOG_COMPILER_INCLUDE_ALL_APPICON_ASSETS = NO;
				AUTOMATION_APPLE_EVENTS = NO;
				CODE_SIGNING_ALLOWED = YES;
				"CODE_SIGN_ENTITLEMENTS[sdk=iphoneos*]" = "Neon Vision Editor/Neon Vision Editor iOS.entitlements";
				"CODE_SIGN_ENTITLEMENTS[sdk=iphonesimulator*]" = "Neon Vision Editor/Neon Vision Editor iOS.entitlements";
				"CODE_SIGN_ENTITLEMENTS[sdk=macosx*]" = "Neon Vision Editor/Neon Vision Editor macOS.entitlements";
				CODE_SIGN_IDENTITY = "Apple Development";
				"CODE_SIGN_IDENTITY[sdk=macosx*]" = "Developer ID Application";
				CODE_SIGN_STYLE = Automatic;
				"CODE_SIGN_STYLE[sdk=macosx*]" = Manual;
				CURRENT_PROJECT_VERSION = 826;
				DEAD_CODE_STRIPPING = YES;
				DEVELOPMENT_TEAM = CS727NF72U;
				"DEVELOPMENT_TEAM[sdk=macosx*]" = CS727NF72U;
				ENABLE_APP_SANDBOX = YES;
				ENABLE_HARDENED_RUNTIME = YES;
				ENABLE_INCOMING_NETWORK_CONNECTIONS = NO;
				ENABLE_OUTGOING_NETWORK_CONNECTIONS = YES;
				ENABLE_PREVIEWS = YES;
				ENABLE_RESOURCE_ACCESS_AUDIO_INPUT = NO;
				ENABLE_RESOURCE_ACCESS_BLUETOOTH = NO;
				ENABLE_RESOURCE_ACCESS_CALENDARS = NO;
				ENABLE_RESOURCE_ACCESS_CAMERA = NO;
				ENABLE_RESOURCE_ACCESS_CONTACTS = NO;
				ENABLE_RESOURCE_ACCESS_LOCATION = NO;
				ENABLE_RESOURCE_ACCESS_PHOTO_LIBRARY = NO;
				ENABLE_RESOURCE_ACCESS_PRINTING = NO;
				ENABLE_RESOURCE_ACCESS_USB = NO;
				ENABLE_USER_SELECTED_FILES = readwrite;
				GENERATE_INFOPLIST_FILE = YES;
				"GENERATE_INFOPLIST_FILE[sdk=iphoneos*]" = NO;
				"GENERATE_INFOPLIST_FILE[sdk=iphonesimulator*]" = NO;
				"GENERATE_INFOPLIST_FILE[sdk=macosx*]" = NO;
				"ICON_FILE[sdk=macosx26.*]" = AppIcon.icon;
				"ICON_FILE[sdk=macosx27.*]" = AppIcon.icon;
				"INFOPLIST_FILE[sdk=iphoneos*]" = "Info-iOS.plist";
				"INFOPLIST_FILE[sdk=iphonesimulator*]" = "Info-iOS.plist";
				"INFOPLIST_FILE[sdk=macosx*]" = "Info-macOS.plist";
				INFOPLIST_KEY_CFBundleDisplayName = "Neon Vision Editor";
				INFOPLIST_KEY_ITSAppUsesNonExemptEncryption = NO;
				INFOPLIST_KEY_LSApplicationCategoryType = "public.app-category.developer-tools";
				INFOPLIST_KEY_LSSupportsOpeningDocumentsInPlace = YES;
				"INFOPLIST_KEY_UIApplicationSceneManifest_Generation[sdk=iphoneos*]" = YES;
				"INFOPLIST_KEY_UIApplicationSceneManifest_Generation[sdk=iphonesimulator*]" = YES;
				"INFOPLIST_KEY_UIApplicationSupportsIndirectInputEvents[sdk=iphoneos*]" = YES;
				"INFOPLIST_KEY_UIApplicationSupportsIndirectInputEvents[sdk=iphonesimulator*]" = YES;
				INFOPLIST_KEY_UIFileSharingEnabled = YES;
				"INFOPLIST_KEY_UILaunchScreen_Generation[sdk=iphoneos*]" = YES;
				"INFOPLIST_KEY_UILaunchScreen_Generation[sdk=iphonesimulator*]" = YES;
				INFOPLIST_KEY_UIStatusBarStyle = "";
				"INFOPLIST_KEY_UIStatusBarStyle[sdk=iphoneos*]" = UIStatusBarStyleDefault;
				"INFOPLIST_KEY_UIStatusBarStyle[sdk=iphonesimulator*]" = UIStatusBarStyleDefault;
				INFOPLIST_KEY_UISupportedInterfaceOrientations_iPad = "UIInterfaceOrientationPortrait UIInterfaceOrientationPortraitUpsideDown UIInterfaceOrientationLandscapeLeft UIInterfaceOrientationLandscapeRight";
				INFOPLIST_KEY_UISupportedInterfaceOrientations_iPhone = "UIInterfaceOrientationPortrait UIInterfaceOrientationLandscapeLeft UIInterfaceOrientationLandscapeRight";
				INFOPLIST_KEY_UISupportsDocumentBrowser = YES;
				IPHONEOS_DEPLOYMENT_TARGET = 18.6;
				LD_RUNPATH_SEARCH_PATHS = "@executable_path/Frameworks";
				"LD_RUNPATH_SEARCH_PATHS[sdk=macosx*]" = "@executable_path/../Frameworks";
				MACOSX_DEPLOYMENT_TARGET = 14.6;
				MARKETING_VERSION = 0.9.0;
				PRODUCT_BUNDLE_IDENTIFIER = "h3p.Neon-Vision-Editor";
				PRODUCT_NAME = "$(TARGET_NAME)";
				PROVISIONING_PROFILE_SPECIFIER = "";
				"PROVISIONING_PROFILE_SPECIFIER[sdk=macosx*]" = "$(NVE_APP_PROFILE_NAME)";
				REGISTER_APP_GROUPS = YES;
				RUNTIME_EXCEPTION_ALLOW_DYLD_ENVIRONMENT_VARIABLES = NO;
				RUNTIME_EXCEPTION_ALLOW_JIT = NO;
				RUNTIME_EXCEPTION_ALLOW_UNSIGNED_EXECUTABLE_MEMORY = NO;
				RUNTIME_EXCEPTION_DEBUGGING_TOOL = NO;
				RUNTIME_EXCEPTION_DISABLE_EXECUTABLE_PAGE_PROTECTION = NO;
				RUNTIME_EXCEPTION_DISABLE_LIBRARY_VALIDATION = NO;
				SDKROOT = auto;
				STRING_CATALOG_GENERATE_SYMBOLS = YES;
				SUPPORTED_PLATFORMS = "iphoneos iphonesimulator macosx xros xrsimulator";
				SUPPORTS_MACCATALYST = NO;
				SUPPORTS_XR_DESIGNED_FOR_IPHONE_IPAD = NO;
				SWIFT_APPROACHABLE_CONCURRENCY = NO;
				SWIFT_DEFAULT_ACTOR_ISOLATION = MainActor;
				SWIFT_EMIT_LOC_STRINGS = YES;
				SWIFT_UPCOMING_FEATURE_MEMBER_IMPORT_VISIBILITY = YES;
				SWIFT_VERSION = 6.0;
				TARGETED_DEVICE_FAMILY = "1,2,7";
				VERSIONING_SYSTEM = "apple-generic";
				XROS_DEPLOYMENT_TARGET = 26.5;
			};
			name = "Release-GitHub";
		};
		A1000000000000000000000E /* Debug configuration for PBXNativeTarget "Neon Vision Editor Share Extension" */ = {
			isa = XCBuildConfiguration;
			buildSettings = {
				APPLICATION_EXTENSION_API_ONLY = YES;
				CODE_SIGNING_ALLOWED = YES;
				CODE_SIGN_ENTITLEMENTS = "Neon Vision Editor Share Extension/Neon Vision Editor Share Extension.entitlements";
				CODE_SIGN_IDENTITY = "Apple Development";
				CODE_SIGN_STYLE = Automatic;
				COPY_PHASE_STRIP = NO;
				CURRENT_PROJECT_VERSION = 826;
				DEAD_CODE_STRIPPING = YES;
				DEVELOPMENT_TEAM = CS727NF72U;
				ENABLE_HARDENED_RUNTIME = YES;
				ENABLE_PREVIEWS = YES;
				GENERATE_INFOPLIST_FILE = NO;
				INFOPLIST_FILE = "Neon Vision Editor Share Extension/Info.plist";
				IPHONEOS_DEPLOYMENT_TARGET = 18.6;
				LD_RUNPATH_SEARCH_PATHS = (
					"@executable_path/Frameworks",
					"@executable_path/../../Frameworks",
				);
				MACOSX_DEPLOYMENT_TARGET = 15.0;
				MARKETING_VERSION = 0.9.0;
				PRODUCT_BUNDLE_IDENTIFIER = "h3p.Neon-Vision-Editor.ShareExtension";
				PRODUCT_NAME = "Neon Vision Editor Share Extension";
				REGISTER_APP_GROUPS = YES;
				SDKROOT = auto;
				SKIP_INSTALL = YES;
				STRING_CATALOG_GENERATE_SYMBOLS = YES;
				SUPPORTED_PLATFORMS = "iphoneos iphonesimulator macosx";
				SUPPORTS_MACCATALYST = NO;
				SWIFT_APPROACHABLE_CONCURRENCY = NO;
				SWIFT_DEFAULT_ACTOR_ISOLATION = MainActor;
				SWIFT_EMIT_LOC_STRINGS = YES;
				SWIFT_UPCOMING_FEATURE_MEMBER_IMPORT_VISIBILITY = YES;
				SWIFT_VERSION = 6.0;
				TARGETED_DEVICE_FAMILY = "1,2";
				WRAPPER_EXTENSION = appex;
			};
			name = Debug;
		};
		A1000000000000000000000F /* Release configuration for PBXNativeTarget "Neon Vision Editor Share Extension" */ = {
			isa = XCBuildConfiguration;
			buildSettings = {
				APPLICATION_EXTENSION_API_ONLY = YES;
				CODE_SIGNING_ALLOWED = YES;
				CODE_SIGN_ENTITLEMENTS = "Neon Vision Editor Share Extension/Neon Vision Editor Share Extension.entitlements";
				CODE_SIGN_IDENTITY = "Apple Development";
				CODE_SIGN_STYLE = Automatic;
				CURRENT_PROJECT_VERSION = 826;
				DEAD_CODE_STRIPPING = YES;
				DEVELOPMENT_TEAM = CS727NF72U;
				ENABLE_APP_SANDBOX = YES;
				ENABLE_HARDENED_RUNTIME = YES;
				ENABLE_INCOMING_NETWORK_CONNECTIONS = NO;
				ENABLE_OUTGOING_NETWORK_CONNECTIONS = NO;
				ENABLE_PREVIEWS = YES;
				ENABLE_RESOURCE_ACCESS_AUDIO_INPUT = NO;
				ENABLE_RESOURCE_ACCESS_BLUETOOTH = NO;
				ENABLE_RESOURCE_ACCESS_CALENDARS = NO;
				ENABLE_RESOURCE_ACCESS_CAMERA = NO;
				ENABLE_RESOURCE_ACCESS_CONTACTS = NO;
				ENABLE_RESOURCE_ACCESS_LOCATION = NO;
				ENABLE_RESOURCE_ACCESS_PRINTING = NO;
				ENABLE_RESOURCE_ACCESS_USB = NO;
				GENERATE_INFOPLIST_FILE = NO;
				INFOPLIST_FILE = "Neon Vision Editor Share Extension/Info.plist";
				IPHONEOS_DEPLOYMENT_TARGET = 18.6;
				LD_RUNPATH_SEARCH_PATHS = (
					"@executable_path/Frameworks",
					"@executable_path/../../Frameworks",
				);
				MACOSX_DEPLOYMENT_TARGET = 15.0;
				MARKETING_VERSION = 0.9.0;
				PRODUCT_BUNDLE_IDENTIFIER = "h3p.Neon-Vision-Editor.ShareExtension";
				PRODUCT_NAME = "Neon Vision Editor Share Extension";
				PROVISIONING_PROFILE_SPECIFIER = "";
				REGISTER_APP_GROUPS = YES;
				SDKROOT = auto;
				SKIP_INSTALL = YES;
				STRING_CATALOG_GENERATE_SYMBOLS = YES;
				SUPPORTED_PLATFORMS = "iphoneos iphonesimulator macosx";
				SUPPORTS_MACCATALYST = NO;
				SWIFT_APPROACHABLE_CONCURRENCY = NO;
				SWIFT_DEFAULT_ACTOR_ISOLATION = MainActor;
				SWIFT_EMIT_LOC_STRINGS = YES;
				SWIFT_UPCOMING_FEATURE_MEMBER_IMPORT_VISIBILITY = YES;
				SWIFT_VERSION = 6.0;
				TARGETED_DEVICE_FAMILY = "1,2";
				WRAPPER_EXTENSION = appex;
			};
			name = Release;
		};
		A10000000000000000000011 /* Release-GitHub configuration for PBXNativeTarget "Neon Vision Editor Share Extension" */ = {
			isa = XCBuildConfiguration;
			buildSettings = {
				APPLICATION_EXTENSION_API_ONLY = YES;
				CODE_SIGNING_ALLOWED = YES;
				CODE_SIGN_ENTITLEMENTS = "Neon Vision Editor Share Extension/Neon Vision Editor Share Extension.entitlements";
				CODE_SIGN_IDENTITY = "Apple Development";
				"CODE_SIGN_IDENTITY[sdk=macosx*]" = "Developer ID Application";
				CODE_SIGN_STYLE = Automatic;
				"CODE_SIGN_STYLE[sdk=macosx*]" = Manual;
				CURRENT_PROJECT_VERSION = 826;
				DEAD_CODE_STRIPPING = YES;
				DEVELOPMENT_TEAM = CS727NF72U;
				ENABLE_APP_SANDBOX = YES;
				ENABLE_HARDENED_RUNTIME = YES;
				ENABLE_INCOMING_NETWORK_CONNECTIONS = NO;
				ENABLE_OUTGOING_NETWORK_CONNECTIONS = NO;
				ENABLE_PREVIEWS = YES;
				ENABLE_RESOURCE_ACCESS_AUDIO_INPUT = NO;
				ENABLE_RESOURCE_ACCESS_BLUETOOTH = NO;
				ENABLE_RESOURCE_ACCESS_CALENDARS = NO;
				ENABLE_RESOURCE_ACCESS_CAMERA = NO;
				ENABLE_RESOURCE_ACCESS_CONTACTS = NO;
				ENABLE_RESOURCE_ACCESS_LOCATION = NO;
				ENABLE_RESOURCE_ACCESS_PRINTING = NO;
				ENABLE_RESOURCE_ACCESS_USB = NO;
				GENERATE_INFOPLIST_FILE = NO;
				INFOPLIST_FILE = "Neon Vision Editor Share Extension/Info.plist";
				IPHONEOS_DEPLOYMENT_TARGET = 18.6;
				LD_RUNPATH_SEARCH_PATHS = (
					"@executable_path/Frameworks",
					"@executable_path/../../Frameworks",
				);
				MACOSX_DEPLOYMENT_TARGET = 15.0;
				MARKETING_VERSION = 0.9.0;
				PRODUCT_BUNDLE_IDENTIFIER = "h3p.Neon-Vision-Editor.ShareExtension";
				PRODUCT_NAME = "Neon Vision Editor Share Extension";
				PROVISIONING_PROFILE_SPECIFIER = "";
				"PROVISIONING_PROFILE_SPECIFIER[sdk=macosx*]" = "$(NVE_SHARE_EXTENSION_PROFILE_NAME)";
				REGISTER_APP_GROUPS = YES;
				SDKROOT = auto;
				SKIP_INSTALL = YES;
				STRING_CATALOG_GENERATE_SYMBOLS = YES;
				SUPPORTED_PLATFORMS = "iphoneos iphonesimulator macosx";
				SUPPORTS_MACCATALYST = NO;
				SWIFT_APPROACHABLE_CONCURRENCY = NO;
				SWIFT_DEFAULT_ACTOR_ISOLATION = MainActor;
				SWIFT_EMIT_LOC_STRINGS = YES;
				SWIFT_UPCOMING_FEATURE_MEMBER_IMPORT_VISIBILITY = YES;
				SWIFT_VERSION = 6.0;
				TARGETED_DEVICE_FAMILY = "1,2";
				WRAPPER_EXTENSION = appex;
			};
			name = "Release-GitHub";
		};
		AE6A5A3DD7BA4432BF5BC554 /* Release configuration for PBXNativeTarget "Neon Vision EditorTests" */ = {
			isa = XCBuildConfiguration;
			buildSettings = {
				BUNDLE_LOADER = "$(TEST_HOST)";
				"BUNDLE_LOADER[sdk=iphoneos*]" = "$(TEST_HOST)";
				"BUNDLE_LOADER[sdk=iphonesimulator*]" = "$(TEST_HOST)";
				DEVELOPMENT_TEAM = CS727NF72U;
				GENERATE_INFOPLIST_FILE = YES;
				"INFOPLIST_FILE[sdk=iphoneos*]" = "Info-iOS.plist";
				"INFOPLIST_FILE[sdk=iphonesimulator*]" = "Info-iOS.plist";
				"INFOPLIST_FILE[sdk=macosx*]" = "Info-macOS.plist";
				INFOPLIST_KEY_CFBundleDisplayName = "Neon Vision EditorTests";
				IPHONEOS_DEPLOYMENT_TARGET = "$(RECOMMENDED_IPHONEOS_DEPLOYMENT_TARGET)";
				MACOSX_DEPLOYMENT_TARGET = 15.0;
				PRODUCT_BUNDLE_IDENTIFIER = "h3p.Neon-Vision-EditorTests";
				PRODUCT_NAME = "$(TARGET_NAME)";
				SDKROOT = auto;
				SUPPORTED_PLATFORMS = "iphoneos iphonesimulator macosx";
				SWIFT_ACTIVE_COMPILATION_CONDITIONS = USE_FOUNDATION_MODELS;
				SWIFT_VERSION = 6.0;
				TEST_HOST = "$(BUILT_PRODUCTS_DIR)/Neon Vision Editor.app/$(BUNDLE_EXECUTABLE_FOLDER_PATH)/Neon Vision Editor";
				"TEST_HOST[sdk=iphoneos*]" = "$(BUILT_PRODUCTS_DIR)/Neon Vision Editor.app/Neon Vision Editor";
				"TEST_HOST[sdk=iphonesimulator*]" = "$(BUILT_PRODUCTS_DIR)/Neon Vision Editor.app/Neon Vision Editor";
			};
			name = Release;
		};
/* End XCBuildConfiguration section */

/* Begin XCConfigurationList section */
		8B33E9CCE8A34F9BBAE4AEDB /* Build configuration list for PBXNativeTarget "Neon Vision EditorTests" */ = {
			isa = XCConfigurationList;
			buildConfigurations = (
				6907754433E24B5991080A1E /* Debug configuration for PBXNativeTarget "Neon Vision EditorTests" */,
				AE6A5A3DD7BA4432BF5BC554 /* Release configuration for PBXNativeTarget "Neon Vision EditorTests" */,
				98AF65232FD88D510006115C /* Release-GitHub configuration for PBXNativeTarget "Neon Vision EditorTests" */,
			);
			defaultConfigurationName = Release;
		};
		98EAE62E2E5F15E80050E579 /* Build configuration list for PBXProject "Neon Vision Editor" */ = {
			isa = XCConfigurationList;
			buildConfigurations = (
				98EAE63E2E5F15EC0050E579 /* Debug configuration for PBXProject "Neon Vision Editor" */,
				98EAE63F2E5F15EC0050E579 /* Release configuration for PBXProject "Neon Vision Editor" */,
				98EAE6432E5F15EC0050E579 /* Release-GitHub configuration for PBXProject "Neon Vision Editor" */,
			);
			defaultConfigurationName = Release;
		};
		98EAE6402E5F15EC0050E579 /* Build configuration list for PBXNativeTarget "Neon Vision Editor" */ = {
			isa = XCConfigurationList;
			buildConfigurations = (
				98EAE6422E5F15EC0050E579 /* Release configuration for PBXNativeTarget "Neon Vision Editor" */,
				98EAE6442E5F15EC0050E579 /* Release-GitHub configuration for PBXNativeTarget "Neon Vision Editor" */,
				98BD22182FB3D6AF005BB89C /* Debug configuration for PBXNativeTarget "Neon Vision Editor" */,
			);
			defaultConfigurationName = Release;
		};
		A10000000000000000000010 /* Build configuration list for PBXNativeTarget "Neon Vision Editor Share Extension" */ = {
			isa = XCConfigurationList;
			buildConfigurations = (
				A1000000000000000000000E /* Debug configuration for PBXNativeTarget "Neon Vision Editor Share Extension" */,
				A1000000000000000000000F /* Release configuration for PBXNativeTarget "Neon Vision Editor Share Extension" */,
				A10000000000000000000011 /* Release-GitHub configuration for PBXNativeTarget "Neon Vision Editor Share Extension" */,
			);
			defaultConfigurationName = Release;
		};
		B4607BA2F53A4E0C80F328E1 /* Build configuration list for PBXNativeTarget "Neon Vision Editor App Clip" */ = {
			isa = XCConfigurationList;
			buildConfigurations = (
				367E90CC7EA3481E8407473A /* Release configuration for PBXNativeTarget "Neon Vision Editor App Clip" */,
				3804A8F35E4A45969CD3C69F /* Debug configuration for PBXNativeTarget "Neon Vision Editor App Clip" */,
				98AF65222FD88D510006115C /* Release-GitHub configuration for PBXNativeTarget "Neon Vision Editor App Clip" */,
			);
			defaultConfigurationName = Release;
		};
/* End XCConfigurationList section */
	};
	rootObject = 98EAE62B2E5F15E80050E579 /* Project object */;
}
